// !$*UTF8*$!
{
	archiveVersion = 1;
	classes = {
	};
	objectVersion = 46;
	objects = {

/* Begin PBXBuildFile section */
		B12F2FEA1BB3844F00D55789 /* AppDelegate.swift in Sources */ = {isa = PBXBuildFile; fileRef = B12F2FE91BB3844F00D55789 /* AppDelegate.swift */; };
		B12F2FF11BB3844F00D55789 /* Main.storyboard in Resources */ = {isa = PBXBuildFile; fileRef = B12F2FEF1BB3844F00D55789 /* Main.storyboard */; };
		B12F2FF31BB3844F00D55789 /* Assets.xcassets in Resources */ = {isa = PBXBuildFile; fileRef = B12F2FF21BB3844F00D55789 /* Assets.xcassets */; };
		B12F2FF61BB3844F00D55789 /* LaunchScreen.storyboard in Resources */ = {isa = PBXBuildFile; fileRef = B12F2FF41BB3844F00D55789 /* LaunchScreen.storyboard */; };
		B12F300B1BB3848500D55789 /* HGBaseNavigationController.swift in Sources */ = {isa = PBXBuildFile; fileRef = B12F30001BB3848500D55789 /* HGBaseNavigationController.swift */; settings = {ASSET_TAGS = (); }; };
		B12F300C1BB3848500D55789 /* HGBaseRootViewController.swift in Sources */ = {isa = PBXBuildFile; fileRef = B12F30021BB3848500D55789 /* HGBaseRootViewController.swift */; settings = {ASSET_TAGS = (); }; };
		B12F300D1BB3848500D55789 /* HGContentViewController.swift in Sources */ = {isa = PBXBuildFile; fileRef = B12F30031BB3848500D55789 /* HGContentViewController.swift */; settings = {ASSET_TAGS = (); }; };
		B12F300E1BB3848500D55789 /* HGSideCellModel.swift in Sources */ = {isa = PBXBuildFile; fileRef = B12F30041BB3848500D55789 /* HGSideCellModel.swift */; settings = {ASSET_TAGS = (); }; };
		B12F300F1BB3848500D55789 /* HGSidePanelViewController.swift in Sources */ = {isa = PBXBuildFile; fileRef = B12F30051BB3848500D55789 /* HGSidePanelViewController.swift */; settings = {ASSET_TAGS = (); }; };
		B12F30101BB3848500D55789 /* HGTabBarViewController.swift in Sources */ = {isa = PBXBuildFile; fileRef = B12F30071BB3848500D55789 /* HGTabBarViewController.swift */; settings = {ASSET_TAGS = (); }; };
		B12F30111BB3848500D55789 /* HGBaseTableViewController.swift in Sources */ = {isa = PBXBuildFile; fileRef = B12F30091BB3848500D55789 /* HGBaseTableViewController.swift */; settings = {ASSET_TAGS = (); }; };
		B12F30121BB3848500D55789 /* HGBaseViewController.swift in Sources */ = {isa = PBXBuildFile; fileRef = B12F300A1BB3848500D55789 /* HGBaseViewController.swift */; settings = {ASSET_TAGS = (); }; };
		B12F30281BB3848C00D55789 /* HGLocationManager.swift in Sources */ = {isa = PBXBuildFile; fileRef = B12F301A1BB3848C00D55789 /* HGLocationManager.swift */; settings = {ASSET_TAGS = (); }; };
		B12F30291BB3848C00D55789 /* HGMotionKit.swift in Sources */ = {isa = PBXBuildFile; fileRef = B12F301B1BB3848C00D55789 /* HGMotionKit.swift */; settings = {ASSET_TAGS = (); }; };
		B12F302A1BB3848C00D55789 /* SwiftColors.swift in Sources */ = {isa = PBXBuildFile; fileRef = B12F301C1BB3848C00D55789 /* SwiftColors.swift */; settings = {ASSET_TAGS = (); }; };
		B12F302B1BB3848C00D55789 /* HGMineViewController.swift in Sources */ = {isa = PBXBuildFile; fileRef = B12F301E1BB3848C00D55789 /* HGMineViewController.swift */; settings = {ASSET_TAGS = (); }; };
		B12F302C1BB3848C00D55789 /* HGSettingViewController.swift in Sources */ = {isa = PBXBuildFile; fileRef = B12F30201BB3848C00D55789 /* HGSettingViewController.swift */; settings = {ASSET_TAGS = (); }; };
		B12F302D1BB3848C00D55789 /* HGSettingSportViewController.swift in Sources */ = {isa = PBXBuildFile; fileRef = B12F30221BB3848C00D55789 /* HGSettingSportViewController.swift */; settings = {ASSET_TAGS = (); }; };
		B12F302E1BB3848C00D55789 /* HGSportViewController.swift in Sources */ = {isa = PBXBuildFile; fileRef = B12F30231BB3848C00D55789 /* HGSportViewController.swift */; settings = {ASSET_TAGS = (); }; };
/* End PBXBuildFile section */

/* Begin PBXFileReference section */
		B12F2FE61BB3844F00D55789 /* HGRunningNew.app */ = {isa = PBXFileReference; explicitFileType = wrapper.application; includeInIndex = 0; path = HGRunningNew.app; sourceTree = BUILT_PRODUCTS_DIR; };
		B12F2FE91BB3844F00D55789 /* AppDelegate.swift */ = {isa = PBXFileReference; lastKnownFileType = sourcecode.swift; path = AppDelegate.swift; sourceTree = "<group>"; };
		B12F2FF01BB3844F00D55789 /* Base */ = {isa = PBXFileReference; lastKnownFileType = file.storyboard; name = Base; path = Base.lproj/Main.storyboard; sourceTree = "<group>"; };
		B12F2FF21BB3844F00D55789 /* Assets.xcassets */ = {isa = PBXFileReference; lastKnownFileType = folder.assetcatalog; path = Assets.xcassets; sourceTree = "<group>"; };
		B12F2FF51BB3844F00D55789 /* Base */ = {isa = PBXFileReference; lastKnownFileType = file.storyboard; name = Base; path = Base.lproj/LaunchScreen.storyboard; sourceTree = "<group>"; };
		B12F2FF71BB3844F00D55789 /* Info.plist */ = {isa = PBXFileReference; lastKnownFileType = text.plist.xml; path = Info.plist; sourceTree = "<group>"; };
		B12F30001BB3848500D55789 /* HGBaseNavigationController.swift */ = {isa = PBXFileReference; fileEncoding = 4; lastKnownFileType = sourcecode.swift; path = HGBaseNavigationController.swift; sourceTree = "<group>"; };
		B12F30021BB3848500D55789 /* HGBaseRootViewController.swift */ = {isa = PBXFileReference; fileEncoding = 4; lastKnownFileType = sourcecode.swift; path = HGBaseRootViewController.swift; sourceTree = "<group>"; };
		B12F30031BB3848500D55789 /* HGContentViewController.swift */ = {isa = PBXFileReference; fileEncoding = 4; lastKnownFileType = sourcecode.swift; path = HGContentViewController.swift; sourceTree = "<group>"; };
		B12F30041BB3848500D55789 /* HGSideCellModel.swift */ = {isa = PBXFileReference; fileEncoding = 4; lastKnownFileType = sourcecode.swift; path = HGSideCellModel.swift; sourceTree = "<group>"; };
		B12F30051BB3848500D55789 /* HGSidePanelViewController.swift */ = {isa = PBXFileReference; fileEncoding = 4; lastKnownFileType = sourcecode.swift; path = HGSidePanelViewController.swift; sourceTree = "<group>"; };
		B12F30071BB3848500D55789 /* HGTabBarViewController.swift */ = {isa = PBXFileReference; fileEncoding = 4; lastKnownFileType = sourcecode.swift; path = HGTabBarViewController.swift; sourceTree = "<group>"; };
		B12F30091BB3848500D55789 /* HGBaseTableViewController.swift */ = {isa = PBXFileReference; fileEncoding = 4; lastKnownFileType = sourcecode.swift; path = HGBaseTableViewController.swift; sourceTree = "<group>"; };
		B12F300A1BB3848500D55789 /* HGBaseViewController.swift */ = {isa = PBXFileReference; fileEncoding = 4; lastKnownFileType = sourcecode.swift; path = HGBaseViewController.swift; sourceTree = "<group>"; };
		B12F301A1BB3848C00D55789 /* HGLocationManager.swift */ = {isa = PBXFileReference; fileEncoding = 4; lastKnownFileType = sourcecode.swift; path = HGLocationManager.swift; sourceTree = "<group>"; };
		B12F301B1BB3848C00D55789 /* HGMotionKit.swift */ = {isa = PBXFileReference; fileEncoding = 4; lastKnownFileType = sourcecode.swift; path = HGMotionKit.swift; sourceTree = "<group>"; };
		B12F301C1BB3848C00D55789 /* SwiftColors.swift */ = {isa = PBXFileReference; fileEncoding = 4; lastKnownFileType = sourcecode.swift; path = SwiftColors.swift; sourceTree = "<group>"; };
		B12F301E1BB3848C00D55789 /* HGMineViewController.swift */ = {isa = PBXFileReference; fileEncoding = 4; lastKnownFileType = sourcecode.swift; path = HGMineViewController.swift; sourceTree = "<group>"; };
		B12F30201BB3848C00D55789 /* HGSettingViewController.swift */ = {isa = PBXFileReference; fileEncoding = 4; lastKnownFileType = sourcecode.swift; path = HGSettingViewController.swift; sourceTree = "<group>"; };
		B12F30221BB3848C00D55789 /* HGSettingSportViewController.swift */ = {isa = PBXFileReference; fileEncoding = 4; lastKnownFileType = sourcecode.swift; path = HGSettingSportViewController.swift; sourceTree = "<group>"; };
		B12F30231BB3848C00D55789 /* HGSportViewController.swift */ = {isa = PBXFileReference; fileEncoding = 4; lastKnownFileType = sourcecode.swift; path = HGSportViewController.swift; sourceTree = "<group>"; };
/* End PBXFileReference section */

/* Begin PBXFrameworksBuildPhase section */
		B12F2FE31BB3844F00D55789 /* Frameworks */ = {
			isa = PBXFrameworksBuildPhase;
			buildActionMask = 2147483647;
			files = (
			);
			runOnlyForDeploymentPostprocessing = 0;
		};
/* End PBXFrameworksBuildPhase section */

/* Begin PBXGroup section */
		B12F2FDD1BB3844F00D55789 = {
			isa = PBXGroup;
			children = (
				B12F2FE81BB3844F00D55789 /* HGRunningNew */,
				B12F2FE71BB3844F00D55789 /* Products */,
			);
			sourceTree = "<group>";
		};
		B12F2FE71BB3844F00D55789 /* Products */ = {
			isa = PBXGroup;
			children = (
				B12F2FE61BB3844F00D55789 /* HGRunningNew.app */,
			);
			name = Products;
			sourceTree = "<group>";
		};
		B12F2FE81BB3844F00D55789 /* HGRunningNew */ = {
			isa = PBXGroup;
			children = (
				B12F30131BB3848C00D55789 /* HGSUV */,
				B12F2FFD1BB3848500D55789 /* HGFrameWork */,
				B12F2FE91BB3844F00D55789 /* AppDelegate.swift */,
				B12F2FEF1BB3844F00D55789 /* Main.storyboard */,
				B12F2FF21BB3844F00D55789 /* Assets.xcassets */,
				B12F2FF41BB3844F00D55789 /* LaunchScreen.storyboard */,
				B12F2FF71BB3844F00D55789 /* Info.plist */,
			);
			path = HGRunningNew;
			sourceTree = "<group>";
		};
		B12F2FFD1BB3848500D55789 /* HGFrameWork */ = {
			isa = PBXGroup;
			children = (
				B12F2FFE1BB3848500D55789 /* ViewLayer */,
			);
			path = HGFrameWork;
			sourceTree = "<group>";
		};
		B12F2FFE1BB3848500D55789 /* ViewLayer */ = {
			isa = PBXGroup;
			children = (
				B12F2FFF1BB3848500D55789 /* NavController */,
				B12F30011BB3848500D55789 /* SlideNavController */,
				B12F30061BB3848500D55789 /* TabBarController */,
				B12F30081BB3848500D55789 /* ViewController */,
			);
			path = ViewLayer;
			sourceTree = "<group>";
		};
		B12F2FFF1BB3848500D55789 /* NavController */ = {
			isa = PBXGroup;
			children = (
				B12F30001BB3848500D55789 /* HGBaseNavigationController.swift */,
			);
			path = NavController;
			sourceTree = "<group>";
		};
		B12F30011BB3848500D55789 /* SlideNavController */ = {
			isa = PBXGroup;
			children = (
				B12F30021BB3848500D55789 /* HGBaseRootViewController.swift */,
				B12F30031BB3848500D55789 /* HGContentViewController.swift */,
				B12F30041BB3848500D55789 /* HGSideCellModel.swift */,
				B12F30051BB3848500D55789 /* HGSidePanelViewController.swift */,
			);
			path = SlideNavController;
			sourceTree = "<group>";
		};
		B12F30061BB3848500D55789 /* TabBarController */ = {
			isa = PBXGroup;
			children = (
				B12F30071BB3848500D55789 /* HGTabBarViewController.swift */,
			);
			path = TabBarController;
			sourceTree = "<group>";
		};
		B12F30081BB3848500D55789 /* ViewController */ = {
			isa = PBXGroup;
			children = (
				B12F30091BB3848500D55789 /* HGBaseTableViewController.swift */,
				B12F300A1BB3848500D55789 /* HGBaseViewController.swift */,
			);
			path = ViewController;
			sourceTree = "<group>";
		};
		B12F30131BB3848C00D55789 /* HGSUV */ = {
			isa = PBXGroup;
			children = (
				B12F30191BB3848C00D55789 /* HGtools */,
				B12F30211BB3848C00D55789 /* Sport */,
				B12F301D1BB3848C00D55789 /* MineCenter */,
				B12F301F1BB3848C00D55789 /* Setting */,
			);
			path = HGSUV;
			sourceTree = "<group>";
		};
		B12F30191BB3848C00D55789 /* HGtools */ = {
			isa = PBXGroup;
			children = (
				B12F301A1BB3848C00D55789 /* HGLocationManager.swift */,
				B12F301B1BB3848C00D55789 /* HGMotionKit.swift */,
				B12F301C1BB3848C00D55789 /* SwiftColors.swift */,
			);
			path = HGtools;
			sourceTree = "<group>";
		};
		B12F301D1BB3848C00D55789 /* MineCenter */ = {
			isa = PBXGroup;
			children = (
				B12F301E1BB3848C00D55789 /* HGMineViewController.swift */,
			);
			path = MineCenter;
			sourceTree = "<group>";
		};
		B12F301F1BB3848C00D55789 /* Setting */ = {
			isa = PBXGroup;
			children = (
				B12F30201BB3848C00D55789 /* HGSettingViewController.swift */,
			);
			path = Setting;
			sourceTree = "<group>";
		};
		B12F30211BB3848C00D55789 /* Sport */ = {
			isa = PBXGroup;
			children = (
				B12F30221BB3848C00D55789 /* HGSettingSportViewController.swift */,
				B12F30231BB3848C00D55789 /* HGSportViewController.swift */,
			);
			path = Sport;
			sourceTree = "<group>";
		};
/* End PBXGroup section */

/* Begin PBXNativeTarget section */
		B12F2FE51BB3844F00D55789 /* HGRunningNew */ = {
			isa = PBXNativeTarget;
			buildConfigurationList = B12F2FFA1BB3844F00D55789 /* Build configuration list for PBXNativeTarget "HGRunningNew" */;
			buildPhases = (
				B12F2FE21BB3844F00D55789 /* Sources */,
				B12F2FE31BB3844F00D55789 /* Frameworks */,
				B12F2FE41BB3844F00D55789 /* Resources */,
			);
			buildRules = (
			);
			dependencies = (
			);
			name = HGRunningNew;
			productName = HGRunningNew;
			productReference = B12F2FE61BB3844F00D55789 /* HGRunningNew.app */;
			productType = "com.apple.product-type.application";
		};
/* End PBXNativeTarget section */

/* Begin PBXProject section */
		B12F2FDE1BB3844F00D55789 /* Project object */ = {
			isa = PBXProject;
			attributes = {
				LastUpgradeCheck = 0700;
				ORGANIZATIONNAME = myway;
				TargetAttributes = {
					B12F2FE51BB3844F00D55789 = {
						CreatedOnToolsVersion = 7.0;
					};
				};
			};
			buildConfigurationList = B12F2FE11BB3844F00D55789 /* Build configuration list for PBXProject "HGRunningNew" */;
			compatibilityVersion = "Xcode 3.2";
			developmentRegion = English;
			hasScannedForEncodings = 0;
			knownRegions = (
				en,
				Base,
			);
			mainGroup = B12F2FDD1BB3844F00D55789;
			productRefGroup = B12F2FE71BB3844F00D55789 /* Products */;
			projectDirPath = "";
			projectRoot = "";
			targets = (
				B12F2FE51BB3844F00D55789 /* HGRunningNew */,
			);
		};
/* End PBXProject section */

/* Begin PBXResourcesBuildPhase section */
		B12F2FE41BB3844F00D55789 /* Resources */ = {
			isa = PBXResourcesBuildPhase;
			buildActionMask = 2147483647;
			files = (
				B12F2FF61BB3844F00D55789 /* LaunchScreen.storyboard in Resources */,
				B12F2FF31BB3844F00D55789 /* Assets.xcassets in Resources */,
				B12F2FF11BB3844F00D55789 /* Main.storyboard in Resources */,
			);
			runOnlyForDeploymentPostprocessing = 0;
		};
/* End PBXResourcesBuildPhase section */

/* Begin PBXSourcesBuildPhase section */
		B12F2FE21BB3844F00D55789 /* Sources */ = {
			isa = PBXSourcesBuildPhase;
			buildActionMask = 2147483647;
			files = (
				B12F302E1BB3848C00D55789 /* HGSportViewController.swift in Sources */,
				B12F300E1BB3848500D55789 /* HGSideCellModel.swift in Sources */,
				B12F302D1BB3848C00D55789 /* HGSettingSportViewController.swift in Sources */,
				B12F302B1BB3848C00D55789 /* HGMineViewController.swift in Sources */,
				B12F300F1BB3848500D55789 /* HGSidePanelViewController.swift in Sources */,
				B12F300B1BB3848500D55789 /* HGBaseNavigationController.swift in Sources */,
				B12F30121BB3848500D55789 /* HGBaseViewController.swift in Sources */,
				B12F30291BB3848C00D55789 /* HGMotionKit.swift in Sources */,
				B12F30111BB3848500D55789 /* HGBaseTableViewController.swift in Sources */,
				B12F302C1BB3848C00D55789 /* HGSettingViewController.swift in Sources */,
				B12F30281BB3848C00D55789 /* HGLocationManager.swift in Sources */,
				B12F300D1BB3848500D55789 /* HGContentViewController.swift in Sources */,
				B12F300C1BB3848500D55789 /* HGBaseRootViewController.swift in Sources */,
				B12F302A1BB3848C00D55789 /* SwiftColors.swift in Sources */,
				B12F2FEA1BB3844F00D55789 /* AppDelegate.swift in Sources */,
				B12F30101BB3848500D55789 /* HGTabBarViewController.swift in Sources */,
			);
			runOnlyForDeploymentPostprocessing = 0;
		};
/* End PBXSourcesBuildPhase section */

/* Begin PBXVariantGroup section */
		B12F2FEF1BB3844F00D55789 /* Main.storyboard */ = {
			isa = PBXVariantGroup;
			children = (
				B12F2FF01BB3844F00D55789 /* Base */,
			);
			name = Main.storyboard;
			sourceTree = "<group>";
		};
		B12F2FF41BB3844F00D55789 /* LaunchScreen.storyboard */ = {
			isa = PBXVariantGroup;
			children = (
				B12F2FF51BB3844F00D55789 /* Base */,
			);
			name = LaunchScreen.storyboard;
			sourceTree = "<group>";
		};
/* End PBXVariantGroup section */

/* Begin XCBuildConfiguration section */
		B12F2FF81BB3844F00D55789 /* Debug */ = {
			isa = XCBuildConfiguration;
			buildSettings = {
				ALWAYS_SEARCH_USER_PATHS = NO;
				CLANG_CXX_LANGUAGE_STANDARD = "gnu++0x";
				CLANG_CXX_LIBRARY = "libc++";
				CLANG_ENABLE_MODULES = YES;
				CLANG_ENABLE_OBJC_ARC = YES;
				CLANG_WARN_BOOL_CONVERSION = YES;
				CLANG_WARN_CONSTANT_CONVERSION = YES;
				CLANG_WARN_DIRECT_OBJC_ISA_USAGE = YES_ERROR;
				CLANG_WARN_EMPTY_BODY = YES;
				CLANG_WARN_ENUM_CONVERSION = YES;
				CLANG_WARN_INT_CONVERSION = YES;
				CLANG_WARN_OBJC_ROOT_CLASS = YES_ERROR;
				CLANG_WARN_UNREACHABLE_CODE = YES;
				CLANG_WARN__DUPLICATE_METHOD_MATCH = YES;
				"CODE_SIGN_IDENTITY[sdk=iphoneos*]" = "iPhone Developer";
				COPY_PHASE_STRIP = NO;
				DEBUG_INFORMATION_FORMAT = dwarf;
				ENABLE_STRICT_OBJC_MSGSEND = YES;
				ENABLE_TESTABILITY = YES;
				GCC_C_LANGUAGE_STANDARD = gnu99;
				GCC_DYNAMIC_NO_PIC = NO;
				GCC_NO_COMMON_BLOCKS = YES;
				GCC_OPTIMIZATION_LEVEL = 0;
				GCC_PREPROCESSOR_DEFINITIONS = (
					"DEBUG=1",
					"$(inherited)",
				);
				GCC_WARN_64_TO_32_BIT_CONVERSION = YES;
				GCC_WARN_ABOUT_RETURN_TYPE = YES_ERROR;
				GCC_WARN_UNDECLARED_SELECTOR = YES;
				GCC_WARN_UNINITIALIZED_AUTOS = YES_AGGRESSIVE;
				GCC_WARN_UNUSED_FUNCTION = YES;
				GCC_WARN_UNUSED_VARIABLE = YES;
				IPHONEOS_DEPLOYMENT_TARGET = 9.0;
				MTL_ENABLE_DEBUG_INFO = YES;
				ONLY_ACTIVE_ARCH = YES;
				SDKROOT = iphoneos;
				SWIFT_OPTIMIZATION_LEVEL = "-Onone";
			};
			name = Debug;
		};
		B12F2FF91BB3844F00D55789 /* Release */ = {
			isa = XCBuildConfiguration;
			buildSettings = {
				ALWAYS_SEARCH_USER_PATHS = NO;
				CLANG_CXX_LANGUAGE_STANDARD = "gnu++0x";
				CLANG_CXX_LIBRARY = "libc++";
				CLANG_ENABLE_MODULES = YES;
				CLANG_ENABLE_OBJC_ARC = YES;
				CLANG_WARN_BOOL_CONVERSION = YES;
				CLANG_WARN_CONSTANT_CONVERSION = YES;
				CLANG_WARN_DIRECT_OBJC_ISA_USAGE = YES_ERROR;
				CLANG_WARN_EMPTY_BODY = YES;
				CLANG_WARN_ENUM_CONVERSION = YES;
				CLANG_WARN_INT_CONVERSION = YES;
				CLANG_WARN_OBJC_ROOT_CLASS = YES_ERROR;
				CLANG_WARN_UNREACHABLE_CODE = YES;
				CLANG_WARN__DUPLICATE_METHOD_MATCH = YES;
				"CODE_SIGN_IDENTITY[sdk=iphoneos*]" = "iPhone Developer";
				COPY_PHASE_STRIP = NO;
				DEBUG_INFORMATION_FORMAT = "dwarf-with-dsym";
				ENABLE_NS_ASSERTIONS = NO;
				ENABLE_STRICT_OBJC_MSGSEND = YES;
				GCC_C_LANGUAGE_STANDARD = gnu99;
				GCC_NO_COMMON_BLOCKS = YES;
				GCC_WARN_64_TO_32_BIT_CONVERSION = YES;
				GCC_WARN_ABOUT_RETURN_TYPE = YES_ERROR;
				GCC_WARN_UNDECLARED_SELECTOR = YES;
				GCC_WARN_UNINITIALIZED_AUTOS = YES_AGGRESSIVE;
				GCC_WARN_UNUSED_FUNCTION = YES;
				GCC_WARN_UNUSED_VARIABLE = YES;
				IPHONEOS_DEPLOYMENT_TARGET = 9.0;
				MTL_ENABLE_DEBUG_INFO = NO;
				SDKROOT = iphoneos;
				VALIDATE_PRODUCT = YES;
			};
			name = Release;
		};
		B12F2FFB1BB3844F00D55789 /* Debug */ = {
			isa = XCBuildConfiguration;
			buildSettings = {
				ASSETCATALOG_COMPILER_APPICON_NAME = AppIcon;
				INFOPLIST_FILE = HGRunningNew/Info.plist;
				LD_RUNPATH_SEARCH_PATHS = "$(inherited) @executable_path/Frameworks";
				PRODUCT_BUNDLE_IDENTIFIER = com.myway.run;
				PRODUCT_NAME = "$(TARGET_NAME)";
			};
			name = Debug;
		};
		B12F2FFC1BB3844F00D55789 /* Release */ = {
			isa = XCBuildConfiguration;
			buildSettings = {
				ASSETCATALOG_COMPILER_APPICON_NAME = AppIcon;
				INFOPLIST_FILE = HGRunningNew/Info.plist;
				LD_RUNPATH_SEARCH_PATHS = "$(inherited) @executable_path/Frameworks";
				PRODUCT_BUNDLE_IDENTIFIER = com.myway.run;
				PRODUCT_NAME = "$(TARGET_NAME)";
			};
			name = Release;
		};
/* End XCBuildConfiguration section */

/* Begin XCConfigurationList section */
		B12F2FE11BB3844F00D55789 /* Build configuration list for PBXProject "HGRunningNew" */ = {
			isa = XCConfigurationList;
			buildConfigurations = (
				B12F2FF81BB3844F00D55789 /* Debug */,
				B12F2FF91BB3844F00D55789 /* Release */,
			);
			defaultConfigurationIsVisible = 0;
			defaultConfigurationName = Release;
		};
		B12F2FFA1BB3844F00D55789 /* Build configuration list for PBXNativeTarget "HGRunningNew" */ = {
			isa = XCConfigurationList;
			buildConfigurations = (
				B12F2FFB1BB3844F00D55789 /* Debug */,
				B12F2FFC1BB3844F00D55789 /* Release */,
			);
			defaultConfigurationIsVisible = 0;
			defaultConfigurationName = Release;
		};
/* End XCConfigurationList section */
	};
	rootObject = B12F2FDE1BB3844F00D55789 /* Project object */;
}
